// !$*UTF8*$!
{
	archiveVersion = 1;
	classes = {
	};
	objectVersion = 51;
	objects = {

/* Begin PBXBuildFile section */
		1E9BD1C125EBE435007D92D5 /* AppDelegate.swift in Sources */ = {isa = PBXBuildFile; fileRef = 1E9BD1C025EBE435007D92D5 /* AppDelegate.swift */; };
		1E9BD1C325EBE435007D92D5 /* SceneDelegate.swift in Sources */ = {isa = PBXBuildFile; fileRef = 1E9BD1C225EBE435007D92D5 /* SceneDelegate.swift */; };
		1E9BD1C525EBE435007D92D5 /* ViewController.swift in Sources */ = {isa = PBXBuildFile; fileRef = 1E9BD1C425EBE435007D92D5 /* ViewController.swift */; };
		1E9BD1C825EBE435007D92D5 /* Main.storyboard in Resources */ = {isa = PBXBuildFile; fileRef = 1E9BD1C625EBE435007D92D5 /* Main.storyboard */; };
		1E9BD1CA25EBE436007D92D5 /* Assets.xcassets in Resources */ = {isa = PBXBuildFile; fileRef = 1E9BD1C925EBE436007D92D5 /* Assets.xcassets */; };
		1E9BD1CD25EBE436007D92D5 /* LaunchScreen.storyboard in Resources */ = {isa = PBXBuildFile; fileRef = 1E9BD1CB25EBE436007D92D5 /* LaunchScreen.storyboard */; };
		1E9BD1D625EBE5CD007D92D5 /* GoogleService-Info.plist in Resources */ = {isa = PBXBuildFile; fileRef = 1E9BD1D525EBE5CD007D92D5 /* GoogleService-Info.plist */; };
		1EBD744825EC106B004D1F2F /* down.png in Resources */ = {isa = PBXBuildFile; fileRef = 1EBD744625EC106B004D1F2F /* down.png */; };
		1EBD744925EC106B004D1F2F /* up.png in Resources */ = {isa = PBXBuildFile; fileRef = 1EBD744725EC106B004D1F2F /* up.png */; };
		1EBD744D25EC1149004D1F2F /* stop.png in Resources */ = {isa = PBXBuildFile; fileRef = 1EBD744C25EC1149004D1F2F /* stop.png */; };
		296092D9AC22458D1ADF1E29 /* Pods_Robowars.framework in Frameworks */ = {isa = PBXBuildFile; fileRef = 304D5B9583AB26E00D633F3B /* Pods_Robowars.framework */; };
/* End PBXBuildFile section */

/* Begin PBXFileReference section */
		1E9BD1BD25EBE434007D92D5 /* Robowars.app */ = {isa = PBXFileReference; explicitFileType = wrapper.application; includeInIndex = 0; path = Robowars.app; sourceTree = BUILT_PRODUCTS_DIR; };
		1E9BD1C025EBE435007D92D5 /* AppDelegate.swift */ = {isa = PBXFileReference; lastKnownFileType = sourcecode.swift; path = AppDelegate.swift; sourceTree = "<group>"; };
		1E9BD1C225EBE435007D92D5 /* SceneDelegate.swift */ = {isa = PBXFileReference; lastKnownFileType = sourcecode.swift; path = SceneDelegate.swift; sourceTree = "<group>"; };
		1E9BD1C425EBE435007D92D5 /* ViewController.swift */ = {isa = PBXFileReference; lastKnownFileType = sourcecode.swift; path = ViewController.swift; sourceTree = "<group>"; };
		1E9BD1C725EBE435007D92D5 /* Base */ = {isa = PBXFileReference; lastKnownFileType = file.storyboard; name = Base; path = Base.lproj/Main.storyboard; sourceTree = "<group>"; };
		1E9BD1C925EBE436007D92D5 /* Assets.xcassets */ = {isa = PBXFileReference; lastKnownFileType = folder.assetcatalog; path = Assets.xcassets; sourceTree = "<group>"; };
		1E9BD1CC25EBE436007D92D5 /* Base */ = {isa = PBXFileReference; lastKnownFileType = file.storyboard; name = Base; path = Base.lproj/LaunchScreen.storyboard; sourceTree = "<group>"; };
		1E9BD1CE25EBE436007D92D5 /* Info.plist */ = {isa = PBXFileReference; lastKnownFileType = text.plist.xml; path = Info.plist; sourceTree = "<group>"; };
		1E9BD1D525EBE5CD007D92D5 /* GoogleService-Info.plist */ = {isa = PBXFileReference; fileEncoding = 4; lastKnownFileType = text.plist.xml; path = "GoogleService-Info.plist"; sourceTree = "<group>"; };
		1EBD744625EC106B004D1F2F /* down.png */ = {isa = PBXFileReference; lastKnownFileType = image.png; path = down.png; sourceTree = "<group>"; };
		1EBD744725EC106B004D1F2F /* up.png */ = {isa = PBXFileReference; lastKnownFileType = image.png; path = up.png; sourceTree = "<group>"; };
		1EBD744C25EC1149004D1F2F /* stop.png */ = {isa = PBXFileReference; lastKnownFileType = image.png; path = stop.png; sourceTree = "<group>"; };
		304D5B9583AB26E00D633F3B /* Pods_Robowars.framework */ = {isa = PBXFileReference; explicitFileType = wrapper.framework; includeInIndex = 0; path = Pods_Robowars.framework; sourceTree = BUILT_PRODUCTS_DIR; };
		8C8731ED2EDBF9103337B88A /* Pods-Robowars.debug.xcconfig */ = {isa = PBXFileReference; includeInIndex = 1; lastKnownFileType = text.xcconfig; name = "Pods-Robowars.debug.xcconfig"; path = "Target Support Files/Pods-Robowars/Pods-Robowars.debug.xcconfig"; sourceTree = "<group>"; };
		92F1AE6286202DF7969AFA71 /* Pods-Robowars.release.xcconfig */ = {isa = PBXFileReference; includeInIndex = 1; lastKnownFileType = text.xcconfig; name = "Pods-Robowars.release.xcconfig"; path = "Target Support Files/Pods-Robowars/Pods-Robowars.release.xcconfig"; sourceTree = "<group>"; };
/* End PBXFileReference section */

/* Begin PBXFrameworksBuildPhase section */
		1E9BD1BA25EBE434007D92D5 /* Frameworks */ = {
			isa = PBXFrameworksBuildPhase;
			buildActionMask = 2147483647;
			files = (
				296092D9AC22458D1ADF1E29 /* Pods_Robowars.framework in Frameworks */,
			);
			runOnlyForDeploymentPostprocessing = 0;
		};
/* End PBXFrameworksBuildPhase section */

/* Begin PBXGroup section */
		1E9BD1B425EBE434007D92D5 = {
			isa = PBXGroup;
			children = (
				1EBD744225EC0FD1004D1F2F /* Assets */,
				1E9BD1BF25EBE434007D92D5 /* Robowars */,
				1E9BD1BE25EBE434007D92D5 /* Products */,
				E98670D70146808C98808BCD /* Pods */,
				FDA59BF306B1D6113191C884 /* Frameworks */,
			);
			sourceTree = "<group>";
		};
		1E9BD1BE25EBE434007D92D5 /* Products */ = {
			isa = PBXGroup;
			children = (
				1E9BD1BD25EBE434007D92D5 /* Robowars.app */,
			);
			name = Products;
			sourceTree = "<group>";
		};
		1E9BD1BF25EBE434007D92D5 /* Robowars */ = {
			isa = PBXGroup;
			children = (
				1E9BD1D525EBE5CD007D92D5 /* GoogleService-Info.plist */,
				1E9BD1C025EBE435007D92D5 /* AppDelegate.swift */,
				1E9BD1C225EBE435007D92D5 /* SceneDelegate.swift */,
				1E9BD1C425EBE435007D92D5 /* ViewController.swift */,
				1E9BD1C625EBE435007D92D5 /* Main.storyboard */,
				1E9BD1C925EBE436007D92D5 /* Assets.xcassets */,
				1E9BD1CB25EBE436007D92D5 /* LaunchScreen.storyboard */,
				1E9BD1CE25EBE436007D92D5 /* Info.plist */,
			);
			path = Robowars;
			sourceTree = "<group>";
		};
		1EBD744225EC0FD1004D1F2F /* Assets */ = {
			isa = PBXGroup;
			children = (
				1EBD744C25EC1149004D1F2F /* stop.png */,
				1EBD744625EC106B004D1F2F /* down.png */,
				1EBD744725EC106B004D1F2F /* up.png */,
			);
			path = Assets;
			sourceTree = "<group>";
		};
		E98670D70146808C98808BCD /* Pods */ = {
			isa = PBXGroup;
			children = (
				8C8731ED2EDBF9103337B88A /* Pods-Robowars.debug.xcconfig */,
				92F1AE6286202DF7969AFA71 /* Pods-Robowars.release.xcconfig */,
			);
			path = Pods;
			sourceTree = "<group>";
		};
		FDA59BF306B1D6113191C884 /* Frameworks */ = {
			isa = PBXGroup;
			children = (
				304D5B9583AB26E00D633F3B /* Pods_Robowars.framework */,
			);
			name = Frameworks;
			sourceTree = "<group>";
		};
/* End PBXGroup section */

/* Begin PBXNativeTarget section */
		1E9BD1BC25EBE434007D92D5 /* Robowars */ = {
			isa = PBXNativeTarget;
			buildConfigurationList = 1E9BD1D125EBE436007D92D5 /* Build configuration list for PBXNativeTarget "Robowars" */;
			buildPhases = (
				9CA6A6D184FA028E5E2D63CB /* [CP] Check Pods Manifest.lock */,
				1E9BD1B925EBE434007D92D5 /* Sources */,
				1E9BD1BA25EBE434007D92D5 /* Frameworks */,
				1E9BD1BB25EBE434007D92D5 /* Resources */,
				C8F0140B5329F1209EF3F7C1 /* [CP] Embed Pods Frameworks */,
			);
			buildRules = (
			);
			dependencies = (
			);
			name = Robowars;
			packageProductDependencies = (
			);
			productName = Robowars;
			productReference = 1E9BD1BD25EBE434007D92D5 /* Robowars.app */;
			productType = "com.apple.product-type.application";
		};
/* End PBXNativeTarget section */

/* Begin PBXProject section */
		1E9BD1B525EBE434007D92D5 /* Project object */ = {
			isa = PBXProject;
			attributes = {
				LastSwiftUpdateCheck = 1240;
				LastUpgradeCheck = 1240;
				TargetAttributes = {
					1E9BD1BC25EBE434007D92D5 = {
						CreatedOnToolsVersion = 12.4;
					};
				};
			};
			buildConfigurationList = 1E9BD1B825EBE434007D92D5 /* Build configuration list for PBXProject "Robowars" */;
			compatibilityVersion = "Xcode 9.3";
			developmentRegion = en;
			hasScannedForEncodings = 0;
			knownRegions = (
				en,
				Base,
			);
			mainGroup = 1E9BD1B425EBE434007D92D5;
			packageReferences = (
			);
			productRefGroup = 1E9BD1BE25EBE434007D92D5 /* Products */;
			projectDirPath = "";
			projectRoot = "";
			targets = (
				1E9BD1BC25EBE434007D92D5 /* Robowars */,
			);
		};
/* End PBXProject section */

/* Begin PBXResourcesBuildPhase section */
		1E9BD1BB25EBE434007D92D5 /* Resources */ = {
			isa = PBXResourcesBuildPhase;
			buildActionMask = 2147483647;
			files = (
				1EBD744925EC106B004D1F2F /* up.png in Resources */,
				1E9BD1CD25EBE436007D92D5 /* LaunchScreen.storyboard in Resources */,
				1E9BD1D625EBE5CD007D92D5 /* GoogleService-Info.plist in Resources */,
				1EBD744D25EC1149004D1F2F /* stop.png in Resources */,
				1E9BD1CA25EBE436007D92D5 /* Assets.xcassets in Resources */,
				1E9BD1C825EBE435007D92D5 /* Main.storyboard in Resources */,
				1EBD744825EC106B004D1F2F /* down.png in Resources */,
			);
			runOnlyForDeploymentPostprocessing = 0;
		};
/* End PBXResourcesBuildPhase section */

/* Begin PBXShellScriptBuildPhase section */
		9CA6A6D184FA028E5E2D63CB /* [CP] Check Pods Manifest.lock */ = {
			isa = PBXShellScriptBuildPhase;
			buildActionMask = 2147483647;
			files = (
			);
			inputFileListPaths = (
			);
			inputPaths = (
				"${PODS_PODFILE_DIR_PATH}/Podfile.lock",
				"${PODS_ROOT}/Manifest.lock",
			);
			name = "[CP] Check Pods Manifest.lock";
			outputFileListPaths = (
			);
			outputPaths = (
				"$(DERIVED_FILE_DIR)/Pods-Robowars-checkManifestLockResult.txt",
			);
			runOnlyForDeploymentPostprocessing = 0;
			shellPath = /bin/sh;
			shellScript = "diff \"${PODS_PODFILE_DIR_PATH}/Podfile.lock\" \"${PODS_ROOT}/Manifest.lock\" > /dev/null\nif [ $? != 0 ] ; then\n    # print error to STDERR\n    echo \"error: The sandbox is not in sync with the Podfile.lock. Run 'pod install' or update your CocoaPods installation.\" >&2\n    exit 1\nfi\n# This output is used by Xcode 'outputs' to avoid re-running this script phase.\necho \"SUCCESS\" > \"${SCRIPT_OUTPUT_FILE_0}\"\n";
			showEnvVarsInLog = 0;
		};
		C8F0140B5329F1209EF3F7C1 /* [CP] Embed Pods Frameworks */ = {
			isa = PBXShellScriptBuildPhase;
			buildActionMask = 2147483647;
			files = (
			);
			inputFileListPaths = (
				"${PODS_ROOT}/Target Support Files/Pods-Robowars/Pods-Robowars-frameworks-${CONFIGURATION}-input-files.xcfilelist",
			);
			name = "[CP] Embed Pods Frameworks";
			outputFileListPaths = (
				"${PODS_ROOT}/Target Support Files/Pods-Robowars/Pods-Robowars-frameworks-${CONFIGURATION}-output-files.xcfilelist",
			);
			runOnlyForDeploymentPostprocessing = 0;
			shellPath = /bin/sh;
			shellScript = "\"${PODS_ROOT}/Target Support Files/Pods-Robowars/Pods-Robowars-frameworks.sh\"\n";
			showEnvVarsInLog = 0;
		};
/* End PBXShellScriptBuildPhase section */

/* Begin PBXSourcesBuildPhase section */
		1E9BD1B925EBE434007D92D5 /* Sources */ = {
			isa = PBXSourcesBuildPhase;
			buildActionMask = 2147483647;
			files = (
				1E9BD1C525EBE435007D92D5 /* ViewController.swift in Sources */,
				1E9BD1C125EBE435007D92D5 /* AppDelegate.swift in Sources */,
				1E9BD1C325EBE435007D92D5 /* SceneDelegate.swift in Sources */,
			);
			runOnlyForDeploymentPostprocessing = 0;
		};
/* End PBXSourcesBuildPhase section */

/* Begin PBXVariantGroup section */
		1E9BD1C625EBE435007D92D5 /* Main.storyboard */ = {
			isa = PBXVariantGroup;
			children = (
				1E9BD1C725EBE435007D92D5 /* Base */,
			);
			name = Main.storyboard;
			sourceTree = "<group>";
		};
		1E9BD1CB25EBE436007D92D5 /* LaunchScreen.storyboard */ = {
			isa = PBXVariantGroup;
			children = (
				1E9BD1CC25EBE436007D92D5 /* Base */,
			);
			name = LaunchScreen.storyboard;
			sourceTree = "<group>";
		};
/* End PBXVariantGroup section */

/* Begin XCBuildConfiguration section */
		1E9BD1CF25EBE436007D92D5 /* Debug */ = {
			isa = XCBuildConfiguration;
			buildSettings = {
				ALWAYS_SEARCH_USER_PATHS = NO;
				CLANG_ANALYZER_NONNULL = YES;
				CLANG_ANALYZER_NUMBER_OBJECT_CONVERSION = YES_AGGRESSIVE;
				CLANG_CXX_LANGUAGE_STANDARD = "gnu++14";
				CLANG_CXX_LIBRARY = "libc++";
				CLANG_ENABLE_MODULES = YES;
				CLANG_ENABLE_OBJC_ARC = YES;
				CLANG_ENABLE_OBJC_WEAK = YES;
				CLANG_WARN_BLOCK_CAPTURE_AUTORELEASING = YES;
				CLANG_WARN_BOOL_CONVERSION = YES;
				CLANG_WARN_COMMA = YES;
				CLANG_WARN_CONSTANT_CONVERSION = YES;
				CLANG_WARN_DEPRECATED_OBJC_IMPLEMENTATIONS = YES;
				CLANG_WARN_DIRECT_OBJC_ISA_USAGE = YES_ERROR;
				CLANG_WARN_DOCUMENTATION_COMMENTS = YES;
				CLANG_WARN_EMPTY_BODY = YES;
				CLANG_WARN_ENUM_CONVERSION = YES;
				CLANG_WARN_INFINITE_RECURSION = YES;
				CLANG_WARN_INT_CONVERSION = YES;
				CLANG_WARN_NON_LITERAL_NULL_CONVERSION = YES;
				CLANG_WARN_OBJC_IMPLICIT_RETAIN_SELF = YES;
				CLANG_WARN_OBJC_LITERAL_CONVERSION = YES;
				CLANG_WARN_OBJC_ROOT_CLASS = YES_ERROR;
				CLANG_WARN_QUOTED_INCLUDE_IN_FRAMEWORK_HEADER = YES;
				CLANG_WARN_RANGE_LOOP_ANALYSIS = YES;
				CLANG_WARN_STRICT_PROTOTYPES = YES;
				CLANG_WARN_SUSPICIOUS_MOVE = YES;
				CLANG_WARN_UNGUARDED_AVAILABILITY = YES_AGGRESSIVE;
				CLANG_WARN_UNREACHABLE_CODE = YES;
				CLANG_WARN__DUPLICATE_METHOD_MATCH = YES;
				COPY_PHASE_STRIP = NO;
				DEBUG_INFORMATION_FORMAT = dwarf;
				ENABLE_STRICT_OBJC_MSGSEND = YES;
				ENABLE_TESTABILITY = YES;
				GCC_C_LANGUAGE_STANDARD = gnu11;
				GCC_DYNAMIC_NO_PIC = NO;
				GCC_NO_COMMON_BLOCKS = YES;
				GCC_OPTIMIZATION_LEVEL = 0;
				GCC_PREPROCESSOR_DEFINITIONS = (
					"DEBUG=1",
					"$(inherited)",
				);
				GCC_WARN_64_TO_32_BIT_CONVERSION = YES;
				GCC_WARN_ABOUT_RETURN_TYPE = YES_ERROR;
				GCC_WARN_UNDECLARED_SELECTOR = YES;
				GCC_WARN_UNINITIALIZED_AUTOS = YES_AGGRESSIVE;
				GCC_WARN_UNUSED_FUNCTION = YES;
				GCC_WARN_UNUSED_VARIABLE = YES;
				IPHONEOS_DEPLOYMENT_TARGET = 14.5;
				MTL_ENABLE_DEBUG_INFO = INCLUDE_SOURCE;
				MTL_FAST_MATH = YES;
				ONLY_ACTIVE_ARCH = YES;
				SDKROOT = iphoneos;
				SWIFT_ACTIVE_COMPILATION_CONDITIONS = DEBUG;
				SWIFT_OPTIMIZATION_LEVEL = "-Onone";
			};
			name = Debug;
		};
		1E9BD1D025EBE436007D92D5 /* Release */ = {
			isa = XCBuildConfiguration;
			buildSettings = {
				ALWAYS_SEARCH_USER_PATHS = NO;
				CLANG_ANALYZER_NONNULL = YES;
				CLANG_ANALYZER_NUMBER_OBJECT_CONVERSION = YES_AGGRESSIVE;
				CLANG_CXX_LANGUAGE_STANDARD = "gnu++14";
				CLANG_CXX_LIBRARY = "libc++";
				CLANG_ENABLE_MODULES = YES;
				CLANG_ENABLE_OBJC_ARC = YES;
				CLANG_ENABLE_OBJC_WEAK = YES;
				CLANG_WARN_BLOCK_CAPTURE_AUTORELEASING = YES;
				CLANG_WARN_BOOL_CONVERSION = YES;
				CLANG_WARN_COMMA = YES;
				CLANG_WARN_CONSTANT_CONVERSION = YES;
				CLANG_WARN_DEPRECATED_OBJC_IMPLEMENTATIONS = YES;
				CLANG_WARN_DIRECT_OBJC_ISA_USAGE = YES_ERROR;
				CLANG_WARN_DOCUMENTATION_COMMENTS = YES;
				CLANG_WARN_EMPTY_BODY = YES;
				CLANG_WARN_ENUM_CONVERSION = YES;
				CLANG_WARN_INFINITE_RECURSION = YES;
				CLANG_WARN_INT_CONVERSION = YES;
				CLANG_WARN_NON_LITERAL_NULL_CONVERSION = YES;
				CLANG_WARN_OBJC_IMPLICIT_RETAIN_SELF = YES;
				CLANG_WARN_OBJC_LITERAL_CONVERSION = YES;
				CLANG_WARN_OBJC_ROOT_CLASS = YES_ERROR;
				CLANG_WARN_QUOTED_INCLUDE_IN_FRAMEWORK_HEADER = YES;
				CLANG_WARN_RANGE_LOOP_ANALYSIS = YES;
				CLANG_WARN_STRICT_PROTOTYPES = YES;
				CLANG_WARN_SUSPICIOUS_MOVE = YES;
				CLANG_WARN_UNGUARDED_AVAILABILITY = YES_AGGRESSIVE;
				CLANG_WARN_UNREACHABLE_CODE = YES;
				CLANG_WARN__DUPLICATE_METHOD_MATCH = YES;
				COPY_PHASE_STRIP = NO;
				DEBUG_INFORMATION_FORMAT = "dwarf-with-dsym";
				ENABLE_NS_ASSERTIONS = NO;
				ENABLE_STRICT_OBJC_MSGSEND = YES;
				GCC_C_LANGUAGE_STANDARD = gnu11;
				GCC_NO_COMMON_BLOCKS = YES;
				GCC_WARN_64_TO_32_BIT_CONVERSION = YES;
				GCC_WARN_ABOUT_RETURN_TYPE = YES_ERROR;
				GCC_WARN_UNDECLARED_SELECTOR = YES;
				GCC_WARN_UNINITIALIZED_AUTOS = YES_AGGRESSIVE;
				GCC_WARN_UNUSED_FUNCTION = YES;
				GCC_WARN_UNUSED_VARIABLE = YES;
				IPHONEOS_DEPLOYMENT_TARGET = 14.5;
				MTL_ENABLE_DEBUG_INFO = NO;
				MTL_FAST_MATH = YES;
				SDKROOT = iphoneos;
				SWIFT_COMPILATION_MODE = wholemodule;
				SWIFT_OPTIMIZATION_LEVEL = "-O";
				VALIDATE_PRODUCT = YES;
			};
			name = Release;
		};
		1E9BD1D225EBE436007D92D5 /* Debug */ = {
			isa = XCBuildConfiguration;
			baseConfigurationReference = 8C8731ED2EDBF9103337B88A /* Pods-Robowars.debug.xcconfig */;
			buildSettings = {
				ASSETCATALOG_COMPILER_APPICON_NAME = AppIcon;
				ASSETCATALOG_COMPILER_GLOBAL_ACCENT_COLOR_NAME = AccentColor;
				CODE_SIGN_STYLE = Automatic;
				DEVELOPMENT_TEAM = 43FL8UU4TS;
				INFOPLIST_FILE = Robowars/Info.plist;
				LD_RUNPATH_SEARCH_PATHS = (
					"$(inherited)",
					"@executable_path/Frameworks",
				);
				PRODUCT_BUNDLE_IDENTIFIER = com.karakay.Robowars;
				PRODUCT_NAME = "$(TARGET_NAME)";
				SWIFT_VERSION = 5.0;
				TARGETED_DEVICE_FAMILY = "1,2";
			};
			name = Debug;
		};
		1E9BD1D325EBE436007D92D5 /* Release */ = {
			isa = XCBuildConfiguration;
			baseConfigurationReference = 92F1AE6286202DF7969AFA71 /* Pods-Robowars.release.xcconfig */;
			buildSettings = {
				ASSETCATALOG_COMPILER_APPICON_NAME = AppIcon;
				ASSETCATALOG_COMPILER_GLOBAL_ACCENT_COLOR_NAME = AccentColor;
				CODE_SIGN_STYLE = Automatic;
				DEVELOPMENT_TEAM = 43FL8UU4TS;
				INFOPLIST_FILE = Robowars/Info.plist;
				LD_RUNPATH_SEARCH_PATHS = (
					"$(inherited)",
					"@executable_path/Frameworks",
				);
				PRODUCT_BUNDLE_IDENTIFIER = com.karakay.Robowars;
				PRODUCT_NAME = "$(TARGET_NAME)";
				SWIFT_VERSION = 5.0;
				TARGETED_DEVICE_FAMILY = "1,2";
			};
			name = Release;
		};
/* End XCBuildConfiguration section */

/* Begin XCConfigurationList section */
		1E9BD1B825EBE434007D92D5 /* Build configuration list for PBXProject "Robowars" */ = {
			isa = XCConfigurationList;
			buildConfigurations = (
				1E9BD1CF25EBE436007D92D5 /* Debug */,
				1E9BD1D025EBE436007D92D5 /* Release */,
			);
			defaultConfigurationIsVisible = 0;
			defaultConfigurationName = Release;
		};
		1E9BD1D125EBE436007D92D5 /* Build configuration list for PBXNativeTarget "Robowars" */ = {
			isa = XCConfigurationList;
			buildConfigurations = (
				1E9BD1D225EBE436007D92D5 /* Debug */,
				1E9BD1D325EBE436007D92D5 /* Release */,
			);
			defaultConfigurationIsVisible = 0;
			defaultConfigurationName = Release;
		};
/* End XCConfigurationList section */
	};
	rootObject = 1E9BD1B525EBE434007D92D5 /* Project object */;
}
